{
  "name": "SDCTA-Data-Visualization-Website",
  "lockfileVersion": 3,
  "requires": true,
  "packages": {
    "": {
      "dependencies": {
        "caketype": "^0.5.0"
      }
    },
    "node_modules/caketype": {
      "version": "0.5.0",
      "resolved": "https://registry.npmjs.org/caketype/-/caketype-0.5.0.tgz",
      "integrity": "sha512-RXb+W/PttNXH3TdYLIrNwvRnyPignAwjwIoLbE19ZmyQaDN7lMbaZMlchUtkr6sjDbpy+Tl0lsTcAjYwtZA3Vw=="
    }
  }
}
